
Microsoft Visual Studio Solution File, Format Version 12.00
# Visual Studio Version 16
VisualStudioVersion = 16.0.31501.217
MinimumVisualStudioVersion = 10.0.40219.1
Project("{FAE04EC0-301F-11D3-BF4B-00C04F79EFBC}") = "book_16", "book_16\book_16.csproj", "{5D84B536-6CD3-432D-AF8D-B1B43DB16DE0}"
EndProject
Project("{FAE04EC0-301F-11D3-BF4B-00C04F79EFBC}") = "book.models", "book.models\book.models.csproj", "{4573710C-01C0-434E-8703-4E6CF586609A}"
EndProject
Project("{FAE04EC0-301F-11D3-BF4B-00C04F79EFBC}") = "book.DataAccess", "book.DataAccess\book.DataAccess.csproj", "{B06AEE4E-9ADA-4139-8993-B81B9BC2A868}"
EndProject
Project("{FAE04EC0-301F-11D3-BF4B-00C04F79EFBC}") = "book.Utility", "book.Utility\book.Utility.csproj", "{A14CBBB5-FF2A-418E-BD48-850358F86E51}"
EndProject
Global
	GlobalSection(SolutionConfigurationPlatforms) = preSolution
		Debug|Any CPU = Debug|Any CPU
		Release|Any CPU = Release|Any CPU
	EndGlobalSection
	GlobalSection(ProjectConfigurationPlatforms) = postSolution
		{5D84B536-6CD3-432D-AF8D-B1B43DB16DE0}.Debug|Any CPU.ActiveCfg = Debug|Any CPU
		{5D84B536-6CD3-432D-AF8D-B1B43DB16DE0}.Debug|Any CPU.Build.0 = Debug|Any CPU
		{5D84B536-6CD3-432D-AF8D-B1B43DB16DE0}.Release|Any CPU.ActiveCfg = Release|Any CPU
		{5D84B536-6CD3-432D-AF8D-B1B43DB16DE0}.Release|Any CPU.Build.0 = Release|Any CPU
		{4573710C-01C0-434E-8703-4E6CF586609A}.Debug|Any CPU.ActiveCfg = Debug|Any CPU
		{4573710C-01C0-434E-8703-4E6CF586609A}.Debug|Any CPU.Build.0 = Debug|Any CPU
		{4573710C-01C0-434E-8703-4E6CF586609A}.Release|Any CPU.ActiveCfg = Release|Any CPU
		{4573710C-01C0-434E-8703-4E6CF586609A}.Release|Any CPU.Build.0 = Release|Any CPU
		{B06AEE4E-9ADA-4139-8993-B81B9BC2A868}.Debug|Any CPU.ActiveCfg = Debug|Any CPU
		{B06AEE4E-9ADA-4139-8993-B81B9BC2A868}.Debug|Any CPU.Build.0 = Debug|Any CPU
		{B06AEE4E-9ADA-4139-8993-B81B9BC2A868}.Release|Any CPU.ActiveCfg = Release|Any CPU
		{B06AEE4E-9ADA-4139-8993-B81B9BC2A868}.Release|Any CPU.Build.0 = Release|Any CPU
		{A14CBBB5-FF2A-418E-BD48-850358F86E51}.Debug|Any CPU.ActiveCfg = Debug|Any CPU
		{A14CBBB5-FF2A-418E-BD48-850358F86E51}.Debug|Any CPU.Build.0 = Debug|Any CPU
		{A14CBBB5-FF2A-418E-BD48-850358F86E51}.Release|Any CPU.ActiveCfg = Release|Any CPU
		{A14CBBB5-FF2A-418E-BD48-850358F86E51}.Release|Any CPU.Build.0 = Release|Any CPU
	EndGlobalSection
	GlobalSection(SolutionProperties) = preSolution
		HideSolutionNode = FALSE
	EndGlobalSection
	GlobalSection(ExtensibilityGlobals) = postSolution
		SolutionGuid = {D5E1AD2F-2F8C-4CF3-A342-D1685994FED5}
	EndGlobalSection
EndGlobal
